version: 6
environments:
  default:
    channels:
    - url: https://conda.anaconda.org/conda-forge/
    packages:
      win-64:
      - conda: https://conda.anaconda.org/conda-forge/win-64/vs2022_win-64-19.44.35207-ha74f236_31.conda
      - conda: https://conda.anaconda.org/conda-forge/noarch/vswhere-3.1.7-h40126e0_1.conda
packages:
- conda: https://conda.anaconda.org/conda-forge/win-64/vs2022_win-64-19.44.35207-ha74f236_31.conda
  sha256: c0a380608afc9ad98b1e261fe55702b72e33f80d372f358075c5dea3d185816f
  md5: 0bf228856c72261e5bbd9530002176f2
  depends:
  - vswhere
  constrains:
  - vs_win-64 2022.14
  track_features:
  - vc14
  license: BSD-3-Clause
  license_family: BSD
  size: 21054
  timestamp: 1753739201422
- conda: https://conda.anaconda.org/conda-forge/noarch/vswhere-3.1.7-h40126e0_1.conda
  sha256: b72270395326dc56de9bd6ca82f63791b3c8c9e2b98e25242a9869a4ca821895
  md5: f622897afff347b715d046178ad745a5
  depends:
  - __win
  license: MIT
  license_family: MIT
  size: 238764
  timestamp: 1745560912727
