version: 6
environments:
  default:
    channels:
    - url: https://conda.anaconda.org/conda-forge/
    packages:
      linux-64:
      - conda: https://conda.anaconda.org/conda-forge/linux-64/_libgcc_mutex-0.1-conda_forge.tar.bz2
      - conda: https://conda.anaconda.org/conda-forge/linux-64/_openmp_mutex-4.5-2_gnu.tar.bz2
      - conda: https://conda.anaconda.org/conda-forge/linux-64/binutils_impl_linux-64-2.44-h4bf12b8_1.conda
      - conda: https://conda.anaconda.org/conda-forge/linux-64/gcc_impl_linux-64-15.1.0-h4393ad2_4.conda
      - conda: https://conda.anaconda.org/conda-forge/noarch/kernel-headers_linux-64-4.18.0-he073ed8_8.conda
      - conda: https://conda.anaconda.org/conda-forge/linux-64/ld_impl_linux-64-2.44-h1423503_1.conda
      - conda: https://conda.anaconda.org/conda-forge/linux-64/libgcc-15.1.0-h767d61c_4.conda
      - conda: https://conda.anaconda.org/conda-forge/noarch/libgcc-devel_linux-64-15.1.0-h4c094af_104.conda
      - conda: https://conda.anaconda.org/conda-forge/linux-64/libgomp-15.1.0-h767d61c_4.conda
      - conda: https://conda.anaconda.org/conda-forge/linux-64/libsanitizer-15.1.0-h97b714f_4.conda
      - conda: https://conda.anaconda.org/conda-forge/linux-64/libstdcxx-15.1.0-h8f9b012_4.conda
      - conda: https://conda.anaconda.org/conda-forge/linux-64/libzlib-1.3.1-hb9d3cd8_2.conda
      - conda: https://conda.anaconda.org/conda-forge/linux-64/rust-1.89.0-h53717f1_0.conda
      - conda: https://conda.anaconda.org/conda-forge/noarch/rust-std-x86_64-unknown-linux-gnu-1.89.0-h2c6d0dc_0.conda
      - conda: https://conda.anaconda.org/conda-forge/noarch/sysroot_linux-64-2.28-h4ee821c_8.conda
      - conda: https://conda.anaconda.org/conda-forge/noarch/tzdata-2025b-h78e105d_0.conda
      linux-aarch64:
      - conda: https://conda.anaconda.org/conda-forge/linux-aarch64/_openmp_mutex-4.5-2_gnu.tar.bz2
      - conda: https://conda.anaconda.org/conda-forge/linux-aarch64/binutils_impl_linux-aarch64-2.44-h4c662bb_1.conda
      - conda: https://conda.anaconda.org/conda-forge/linux-aarch64/gcc_impl_linux-aarch64-15.1.0-hed31cfe_4.conda
      - conda: https://conda.anaconda.org/conda-forge/noarch/kernel-headers_linux-aarch64-4.18.0-h05a177a_8.conda
      - conda: https://conda.anaconda.org/conda-forge/linux-aarch64/ld_impl_linux-aarch64-2.44-h5e2c951_1.conda
      - conda: https://conda.anaconda.org/conda-forge/linux-aarch64/libgcc-15.1.0-he277a41_4.conda
      - conda: https://conda.anaconda.org/conda-forge/noarch/libgcc-devel_linux-aarch64-15.1.0-hd0aa34e_104.conda
      - conda: https://conda.anaconda.org/conda-forge/linux-aarch64/libgomp-15.1.0-he277a41_4.conda
      - conda: https://conda.anaconda.org/conda-forge/linux-aarch64/libsanitizer-15.1.0-hfec4e15_4.conda
      - conda: https://conda.anaconda.org/conda-forge/linux-aarch64/libstdcxx-15.1.0-h3f4de04_4.conda
      - conda: https://conda.anaconda.org/conda-forge/linux-aarch64/libzlib-1.3.1-h86ecc28_2.conda
      - conda: https://conda.anaconda.org/conda-forge/linux-aarch64/rust-1.89.0-h6cf38e9_0.conda
      - conda: https://conda.anaconda.org/conda-forge/noarch/rust-std-aarch64-unknown-linux-gnu-1.89.0-hbe8e118_0.conda
      - conda: https://conda.anaconda.org/conda-forge/noarch/sysroot_linux-aarch64-2.28-h585391f_8.conda
      - conda: https://conda.anaconda.org/conda-forge/noarch/tzdata-2025b-h78e105d_0.conda
      osx-64:
      - conda: https://conda.anaconda.org/conda-forge/osx-64/rust-1.89.0-h34a2095_0.conda
      - conda: https://conda.anaconda.org/conda-forge/noarch/rust-std-x86_64-apple-darwin-1.89.0-h38e4360_0.conda
      osx-arm64:
      - conda: https://conda.anaconda.org/conda-forge/osx-arm64/rust-1.89.0-h4ff7c5d_0.conda
      - conda: https://conda.anaconda.org/conda-forge/noarch/rust-std-aarch64-apple-darwin-1.89.0-hf6ec828_0.conda
      win-64:
      - conda: https://conda.anaconda.org/conda-forge/win-64/rust-1.89.0-hf8d6059_0.conda
      - conda: https://conda.anaconda.org/conda-forge/noarch/rust-std-x86_64-pc-windows-msvc-1.89.0-h17fc481_0.conda
packages:
- conda: https://conda.anaconda.org/conda-forge/linux-64/_libgcc_mutex-0.1-conda_forge.tar.bz2
  sha256: fe51de6107f9edc7aa4f786a70f4a883943bc9d39b3bb7307c04c41410990726
  md5: d7c89558ba9fa0495403155b64376d81
  license: None
  size: 2562
  timestamp: 1578324546067
- conda: https://conda.anaconda.org/conda-forge/linux-64/_openmp_mutex-4.5-2_gnu.tar.bz2
  build_number: 16
  sha256: fbe2c5e56a653bebb982eda4876a9178aedfc2b545f25d0ce9c4c0b508253d22
  md5: 73aaf86a425cc6e73fcf236a5a46396d
  depends:
  - _libgcc_mutex 0.1 conda_forge
  - libgomp >=7.5.0
  constrains:
  - openmp_impl 9999
  license: BSD-3-Clause
  license_family: BSD
  size: 23621
  timestamp: 1650670423406
- conda: https://conda.anaconda.org/conda-forge/linux-aarch64/_openmp_mutex-4.5-2_gnu.tar.bz2
  build_number: 16
  sha256: 3702bef2f0a4d38bd8288bbe54aace623602a1343c2cfbefd3fa188e015bebf0
  md5: 6168d71addc746e8f2b8d57dfd2edcea
  depends:
  - libgomp >=7.5.0
  constrains:
  - openmp_impl 9999
  license: BSD-3-Clause
  license_family: BSD
  size: 23712
  timestamp: 1650670790230
- conda: https://conda.anaconda.org/conda-forge/linux-64/binutils_impl_linux-64-2.44-h4bf12b8_1.conda
  sha256: 8556847f91a85c31ef65b05b7e9182a52775616d5d4e550dfb48cdee5fd35687
  md5: e45cfedc8ca5630e02c106ea36d2c5c6
  depends:
  - ld_impl_linux-64 2.44 h1423503_1
  - sysroot_linux-64
  license: GPL-3.0-only
  license_family: GPL
  size: 3781716
  timestamp: 1752032761608
- conda: https://conda.anaconda.org/conda-forge/linux-aarch64/binutils_impl_linux-aarch64-2.44-h4c662bb_1.conda
  sha256: 9a5ec0fa37e285afa0be9e12cb08bf2f20a25a7465e79fab5c64d91986b36883
  md5: bf817b2e2523697c4084ae109c5184ae
  depends:
  - ld_impl_linux-aarch64 2.44 h5e2c951_1
  - sysroot_linux-aarch64
  license: GPL-3.0-only
  license_family: GPL
  size: 3823090
  timestamp: 1752032859155
- conda: https://conda.anaconda.org/conda-forge/linux-64/gcc_impl_linux-64-15.1.0-h4393ad2_4.conda
  sha256: 59e2af2cb3d0592d0b61ee81eaba60a24321676c053630f092957909c70d6940
  md5: bd50f28da1e011caf83ebfe967dbcc94
  depends:
  - binutils_impl_linux-64 >=2.40
  - libgcc >=15.1.0
  - libgcc-devel_linux-64 15.1.0 h4c094af_104
  - libgomp >=15.1.0
  - libsanitizer 15.1.0 h97b714f_4
  - libstdcxx >=15.1.0
  - sysroot_linux-64
  license: GPL-3.0-only WITH GCC-exception-3.1
  license_family: GPL
  size: 77268492
  timestamp: 1753903968595
- conda: https://conda.anaconda.org/conda-forge/linux-aarch64/gcc_impl_linux-aarch64-15.1.0-hed31cfe_4.conda
  sha256: e12ec6a49339040e3d9f39f137f13a118b20c58e92466157b307672dd124afca
  md5: c49a053009cab206103f41f71ca4aea8
  depends:
  - binutils_impl_linux-aarch64 >=2.40
  - libgcc >=15.1.0
  - libgcc-devel_linux-aarch64 15.1.0 hd0aa34e_104
  - libgomp >=15.1.0
  - libsanitizer 15.1.0 hfec4e15_4
  - libstdcxx >=15.1.0
  - sysroot_linux-aarch64
  license: GPL-3.0-only WITH GCC-exception-3.1
  license_family: GPL
  size: 73711311
  timestamp: 1753904907628
- conda: https://conda.anaconda.org/conda-forge/noarch/kernel-headers_linux-64-4.18.0-he073ed8_8.conda
  sha256: 305c22a251db227679343fd73bfde121e555d466af86e537847f4c8b9436be0d
  md5: ff007ab0f0fdc53d245972bba8a6d40c
  constrains:
  - sysroot_linux-64 ==2.28
  license: LGPL-2.0-or-later AND LGPL-2.0-or-later WITH exceptions AND GPL-2.0-or-later
  license_family: GPL
  size: 1272697
  timestamp: 1752669126073
- conda: https://conda.anaconda.org/conda-forge/noarch/kernel-headers_linux-aarch64-4.18.0-h05a177a_8.conda
  sha256: 9d0a86bd0c52c39db8821405f6057bc984789d36e15e70fa5c697f8ba83c1a19
  md5: 2ab884dda7f1a08758fe12c32cc31d08
  constrains:
  - sysroot_linux-aarch64 ==2.28
  license: LGPL-2.0-or-later AND LGPL-2.0-or-later WITH exceptions AND GPL-2.0-or-later
  license_family: GPL
  size: 1244709
  timestamp: 1752669116535
- conda: https://conda.anaconda.org/conda-forge/linux-64/ld_impl_linux-64-2.44-h1423503_1.conda
  sha256: 1a620f27d79217c1295049ba214c2f80372062fd251b569e9873d4a953d27554
  md5: 0be7c6e070c19105f966d3758448d018
  depends:
  - __glibc >=2.17,<3.0.a0
  constrains:
  - binutils_impl_linux-64 2.44
  license: GPL-3.0-only
  license_family: GPL
  size: 676044
  timestamp: 1752032747103
- conda: https://conda.anaconda.org/conda-forge/linux-aarch64/ld_impl_linux-aarch64-2.44-h5e2c951_1.conda
  sha256: 80e75aed7ea8af589b9171e90d042a20f111bbb21f62d06f32ec124ec9fd1f58
  md5: c10832808cf155953061892b3656470a
  constrains:
  - binutils_impl_linux-aarch64 2.44
  license: GPL-3.0-only
  license_family: GPL
  size: 708449
  timestamp: 1752032823484
- conda: https://conda.anaconda.org/conda-forge/linux-64/libgcc-15.1.0-h767d61c_4.conda
  sha256: 144e35c1c2840f2dc202f6915fc41879c19eddbb8fa524e3ca4aa0d14018b26f
  md5: f406dcbb2e7bef90d793e50e79a2882b
  depends:
  - __glibc >=2.17,<3.0.a0
  - _openmp_mutex >=4.5
  constrains:
  - libgcc-ng ==15.1.0=*_4
  - libgomp 15.1.0 h767d61c_4
  license: GPL-3.0-only WITH GCC-exception-3.1
  license_family: GPL
  size: 824153
  timestamp: 1753903866511
- conda: https://conda.anaconda.org/conda-forge/linux-aarch64/libgcc-15.1.0-he277a41_4.conda
  sha256: bc8fe2729b1c6d1ea38f7079b92775fca3b39d5925da5370b02e358c77f5da66
  md5: 56f856e779238c93320d265cc20d0191
  depends:
  - _openmp_mutex >=4.5
  constrains:
  - libgcc-ng ==15.1.0=*_4
  - libgomp 15.1.0 he277a41_4
  license: GPL-3.0-only WITH GCC-exception-3.1
  license_family: GPL
  size: 510641
  timestamp: 1753904775021
- conda: https://conda.anaconda.org/conda-forge/noarch/libgcc-devel_linux-64-15.1.0-h4c094af_104.conda
  sha256: 90a2a128bed4926ab90db5e19989d68a0bff412e993c1324fe004ef02337e3e9
  md5: 05eec361e8eca1ad47bad0f8b97a9d67
  depends:
  - __unix
  license: GPL-3.0-only WITH GCC-exception-3.1
  license_family: GPL
  size: 2726287
  timestamp: 1753903789289
- conda: https://conda.anaconda.org/conda-forge/noarch/libgcc-devel_linux-aarch64-15.1.0-hd0aa34e_104.conda
  sha256: 3ffa9aac8c41a0e6bee9c082db3f5918fc29f0e1f4020a36c4f7865a74c6d7ff
  md5: ad2f175bea2fba4484eefa09794390ca
  depends:
  - __unix
  license: GPL-3.0-only WITH GCC-exception-3.1
  license_family: GPL
  size: 2127436
  timestamp: 1753904649924
- conda: https://conda.anaconda.org/conda-forge/linux-64/libgomp-15.1.0-h767d61c_4.conda
  sha256: e0487a8fec78802ac04da0ac1139c3510992bc58a58cde66619dde3b363c2933
  md5: 3baf8976c96134738bba224e9ef6b1e5
  depends:
  - __glibc >=2.17,<3.0.a0
  license: GPL-3.0-only WITH GCC-exception-3.1
  license_family: GPL
  size: 447289
  timestamp: 1753903801049
- conda: https://conda.anaconda.org/conda-forge/linux-aarch64/libgomp-15.1.0-he277a41_4.conda
  sha256: 48ece3926802831642267c69f886e92b6780f7ad8ea490bc7219b1b11e1ae3c1
  md5: 2ae9e35d98743bd474b774221f53bc3f
  license: GPL-3.0-only WITH GCC-exception-3.1
  license_family: GPL
  size: 450142
  timestamp: 1753904659271
- conda: https://conda.anaconda.org/conda-forge/linux-64/libsanitizer-15.1.0-h97b714f_4.conda
  sha256: 1a65aeb39ffc7c1ed41c4aebd05263016d70b6f8da21a5185d0c3dba459a0931
  md5: 9577e03ec70b7986ab78a3f057af0df8
  depends:
  - __glibc >=2.17,<3.0.a0
  - libgcc >=15.1.0
  - libstdcxx >=15.1.0
  license: GPL-3.0-only WITH GCC-exception-3.1
  license_family: GPL
  size: 5139090
  timestamp: 1753903908812
- conda: https://conda.anaconda.org/conda-forge/linux-aarch64/libsanitizer-15.1.0-hfec4e15_4.conda
  sha256: 30b89dc853e05e88c3520e2e31eaf31a6d6fb95e18c57068f027e30396af9da6
  md5: 5ff48664c1244ed9f2493732df6ca327
  depends:
  - libgcc >=15.1.0
  - libstdcxx >=15.1.0
  license: GPL-3.0-only WITH GCC-exception-3.1
  license_family: GPL
  size: 5160514
  timestamp: 1753904828597
- conda: https://conda.anaconda.org/conda-forge/linux-64/libstdcxx-15.1.0-h8f9b012_4.conda
  sha256: b5b239e5fca53ff90669af1686c86282c970dd8204ebf477cf679872eb6d48ac
  md5: 3c376af8888c386b9d3d1c2701e2f3ab
  depends:
  - __glibc >=2.17,<3.0.a0
  - libgcc 15.1.0 h767d61c_4
  license: GPL-3.0-only WITH GCC-exception-3.1
  license_family: GPL
  size: 3903453
  timestamp: 1753903894186
- conda: https://conda.anaconda.org/conda-forge/linux-aarch64/libstdcxx-15.1.0-h3f4de04_4.conda
  sha256: 449279ceec291f1c985a23b3ce6db6305ef8c245b766264c057ec366ae9abf5d
  md5: a87010172783a6a452e58cd1bf0dccee
  depends:
  - libgcc 15.1.0 he277a41_4
  license: GPL-3.0-only WITH GCC-exception-3.1
  license_family: GPL
  size: 3827410
  timestamp: 1753904806159
- conda: https://conda.anaconda.org/conda-forge/linux-64/libzlib-1.3.1-hb9d3cd8_2.conda
  sha256: d4bfe88d7cb447768e31650f06257995601f89076080e76df55e3112d4e47dc4
  md5: edb0dca6bc32e4f4789199455a1dbeb8
  depends:
  - __glibc >=2.17,<3.0.a0
  - libgcc >=13
  constrains:
  - zlib 1.3.1 *_2
  license: Zlib
  license_family: Other
  size: 60963
  timestamp: 1727963148474
- conda: https://conda.anaconda.org/conda-forge/linux-aarch64/libzlib-1.3.1-h86ecc28_2.conda
  sha256: 5a2c1eeef69342e88a98d1d95bff1603727ab1ff4ee0e421522acd8813439b84
  md5: 08aad7cbe9f5a6b460d0976076b6ae64
  depends:
  - libgcc >=13
  constrains:
  - zlib 1.3.1 *_2
  license: Zlib
  license_family: Other
  size: 66657
  timestamp: 1727963199518
- conda: https://conda.anaconda.org/conda-forge/linux-64/rust-1.89.0-h53717f1_0.conda
  sha256: bc68b5225d80de6da78350213655c8d7cd43519803c2f6dc7c6e9ab9fe810f36
  md5: 719a6e2a172b21c2c61446221e9192c1
  depends:
  - __glibc >=2.17,<3.0.a0
  - gcc_impl_linux-64
  - libgcc >=14
  - libzlib >=1.3.1,<2.0a0
  - rust-std-x86_64-unknown-linux-gnu 1.89.0 h2c6d0dc_0
  - sysroot_linux-64 >=2.17
  license: MIT
  license_family: MIT
  size: 225780210
  timestamp: 1754660161071
- conda: https://conda.anaconda.org/conda-forge/linux-aarch64/rust-1.89.0-h6cf38e9_0.conda
  sha256: 7073c5cc353cfc4c1c7ab136a68fc6153b17ea6fcaf98469dc42e66d55f4694f
  md5: dd5ec0e57839733d74d8c7fe1e744b7f
  depends:
  - gcc_impl_linux-aarch64
  - libgcc >=14
  - libzlib >=1.3.1,<2.0a0
  - rust-std-aarch64-unknown-linux-gnu 1.89.0 hbe8e118_0
  - sysroot_linux-aarch64 >=2.17
  license: MIT
  license_family: MIT
  size: 189889985
  timestamp: 1754663327408
- conda: https://conda.anaconda.org/conda-forge/osx-64/rust-1.89.0-h34a2095_0.conda
  sha256: 6e5c0632859a94701fadaf22e7b9589baf008afb8022b199726286a6465fa2bf
  md5: 79d89d8541a705cf58bf8399dd83d1d1
  depends:
  - rust-std-x86_64-apple-darwin 1.89.0 h38e4360_0
  license: MIT
  license_family: MIT
  size: 240526373
  timestamp: 1754659861134
- conda: https://conda.anaconda.org/conda-forge/osx-arm64/rust-1.89.0-h4ff7c5d_0.conda
  sha256: cea00732dc2a51defda5ce5a0fcb334da2613930f5f2f9079ee5fcc22eae7486
  md5: 796e88939e7360dfb9e26ed78b9fa6ee
  depends:
  - rust-std-aarch64-apple-darwin 1.89.0 hf6ec828_0
  license: MIT
  license_family: MIT
  size: 230462759
  timestamp: 1754659707516
- conda: https://conda.anaconda.org/conda-forge/win-64/rust-1.89.0-hf8d6059_0.conda
  sha256: 248b294e5c5193b23441b9c6c25d240d0b218e1e2f6187ade522dceeb7063c42
  md5: dac15b5704c5d93f1ffc38e20f08dea4
  depends:
  - rust-std-x86_64-pc-windows-msvc 1.89.0 h17fc481_0
  license: MIT
  license_family: MIT
  size: 250040157
  timestamp: 1754662524987
- conda: https://conda.anaconda.org/conda-forge/noarch/rust-std-aarch64-apple-darwin-1.89.0-hf6ec828_0.conda
  sha256: 38afa19e77e682c9802ccbb2dd822362918c968b04d7331716aae33c3f601719
  md5: 4a76b5b647ec0ad20092798774cca2fb
  depends:
  - __unix
  constrains:
  - rust >=1.89.0,<1.89.1.0a0
  license: MIT
  license_family: MIT
  size: 34368223
  timestamp: 1754659525934
- conda: https://conda.anaconda.org/conda-forge/noarch/rust-std-aarch64-unknown-linux-gnu-1.89.0-hbe8e118_0.conda
  sha256: 8cd1c7b338329a6ab3222064e0e69c09fce74968051cbfcca0c3c6c746bacf83
  md5: d5c48778880c9f404252e8438aa98ed0
  depends:
  - __unix
  constrains:
  - rust >=1.89.0,<1.89.1.0a0
  license: MIT
  license_family: MIT
  size: 37090621
  timestamp: 1754661403516
- conda: https://conda.anaconda.org/conda-forge/noarch/rust-std-x86_64-apple-darwin-1.89.0-h38e4360_0.conda
  sha256: b41a2e4afe1c2ad25ff75e6fdcc7bf4b88694df1d6f2d6bb2b774c53d9e253bc
  md5: ff95f484b7302f016b2af68272a24df4
  depends:
  - __unix
  constrains:
  - rust >=1.89.0,<1.89.1.0a0
  license: MIT
  license_family: MIT
  size: 35698822
  timestamp: 1754659553183
- conda: https://conda.anaconda.org/conda-forge/noarch/rust-std-x86_64-pc-windows-msvc-1.89.0-h17fc481_0.conda
  sha256: 0102785df1ea410dde59c7f658f625f61ce8df7380d9687e46588f6a8b555e8a
  md5: 4f670fbc603c73ecb0a79f37ec2ec03c
  depends:
  - __win
  constrains:
  - rust >=1.89.0,<1.89.1.0a0
  license: MIT
  license_family: MIT
  size: 28323427
  timestamp: 1754662269621
- conda: https://conda.anaconda.org/conda-forge/noarch/rust-std-x86_64-unknown-linux-gnu-1.89.0-h2c6d0dc_0.conda
  sha256: 533e3144feeb5d20008436149c4c90ac8a3b4e91e0f28b9ccb9d99d2ddfec2aa
  md5: b604abab3384fc21314b6d0c60413de4
  depends:
  - __unix
  constrains:
  - rust >=1.89.0,<1.89.1.0a0
  license: MIT
  license_family: MIT
  size: 38055572
  timestamp: 1754660019384
- conda: https://conda.anaconda.org/conda-forge/noarch/sysroot_linux-64-2.28-h4ee821c_8.conda
  sha256: 0053c17ffbd9f8af1a7f864995d70121c292e317804120be4667f37c92805426
  md5: 1bad93f0aa428d618875ef3a588a889e
  depends:
  - __glibc >=2.28
  - kernel-headers_linux-64 4.18.0 he073ed8_8
  - tzdata
  license: LGPL-2.0-or-later AND LGPL-2.0-or-later WITH exceptions AND GPL-2.0-or-later
  license_family: GPL
  size: 24210909
  timestamp: 1752669140965
- conda: https://conda.anaconda.org/conda-forge/noarch/sysroot_linux-aarch64-2.28-h585391f_8.conda
  sha256: 8ab275b5c5fbe36416c7d3fb8b71241eca2d024e222361f8e15c479f17050c0e
  md5: 1263d6ac8dadaea7c60b29f1b4af45b8
  depends:
  - __glibc >=2.28
  - kernel-headers_linux-aarch64 4.18.0 h05a177a_8
  - tzdata
  license: LGPL-2.0-or-later AND LGPL-2.0-or-later WITH exceptions AND GPL-2.0-or-later
  license_family: GPL
  size: 23863575
  timestamp: 1752669129101
- conda: https://conda.anaconda.org/conda-forge/noarch/tzdata-2025b-h78e105d_0.conda
  sha256: 5aaa366385d716557e365f0a4e9c3fca43ba196872abbbe3d56bb610d131e192
  md5: 4222072737ccff51314b5ece9c7d6f5a
  license: LicenseRef-Public-Domain
  size: 122968
  timestamp: 1742727099393
